
Microsoft Visual Studio Solution File, Format Version 12.00
# Visual Studio Version 16
VisualStudioVersion = 16.0.31112.23
MinimumVisualStudioVersion = 10.0.40219.1
Project("{9A19103F-16F7-4668-BE54-9A1E7A4F7556}") = "GlassesStore.Data", "GlassesStore.Data\GlassesStore.Data.csproj", "{90A9F917-61D5-4C01-8476-C2BBE9979F26}"
EndProject
Project("{9A19103F-16F7-4668-BE54-9A1E7A4F7556}") = "GlassesStore.Models", "GlassesStore.Models\GlassesStore.Models.csproj", "{7316FA8D-41DB-431D-97AA-57D1B60D495E}"
EndProject
Project("{9A19103F-16F7-4668-BE54-9A1E7A4F7556}") = "GlassesStore.Services", "GlassesStore.Services\GlassesStore.Services.csproj", "{9B9B1747-0775-47BE-BB85-BF37EBC78985}"
EndProject
Project("{9A19103F-16F7-4668-BE54-9A1E7A4F7556}") = "GlassesStore.Web", "GlassesStore.Web\GlassesStore.Web.csproj", "{25F34719-29C1-4EF6-952A-D6B6BB9E80DB}"
EndProject
Project("{FAE04EC0-301F-11D3-BF4B-00C04F79EFBC}") = "GlassesStore.Dataseeder", "GlassesStore.Dataseeder\GlassesStore.Dataseeder.csproj", "{3684F4A1-3B62-41B0-87D7-78693D07B53B}"
EndProject
Global
	GlobalSection(SolutionConfigurationPlatforms) = preSolution
		Debug|Any CPU = Debug|Any CPU
		Release|Any CPU = Release|Any CPU
	EndGlobalSection
	GlobalSection(ProjectConfigurationPlatforms) = postSolution
		{90A9F917-61D5-4C01-8476-C2BBE9979F26}.Debug|Any CPU.ActiveCfg = Debug|Any CPU
		{90A9F917-61D5-4C01-8476-C2BBE9979F26}.Debug|Any CPU.Build.0 = Debug|Any CPU
		{90A9F917-61D5-4C01-8476-C2BBE9979F26}.Release|Any CPU.ActiveCfg = Release|Any CPU
		{90A9F917-61D5-4C01-8476-C2BBE9979F26}.Release|Any CPU.Build.0 = Release|Any CPU
		{7316FA8D-41DB-431D-97AA-57D1B60D495E}.Debug|Any CPU.ActiveCfg = Debug|Any CPU
		{7316FA8D-41DB-431D-97AA-57D1B60D495E}.Debug|Any CPU.Build.0 = Debug|Any CPU
		{7316FA8D-41DB-431D-97AA-57D1B60D495E}.Release|Any CPU.ActiveCfg = Release|Any CPU
		{7316FA8D-41DB-431D-97AA-57D1B60D495E}.Release|Any CPU.Build.0 = Release|Any CPU
		{9B9B1747-0775-47BE-BB85-BF37EBC78985}.Debug|Any CPU.ActiveCfg = Debug|Any CPU
		{9B9B1747-0775-47BE-BB85-BF37EBC78985}.Debug|Any CPU.Build.0 = Debug|Any CPU
		{9B9B1747-0775-47BE-BB85-BF37EBC78985}.Release|Any CPU.ActiveCfg = Release|Any CPU
		{9B9B1747-0775-47BE-BB85-BF37EBC78985}.Release|Any CPU.Build.0 = Release|Any CPU
		{25F34719-29C1-4EF6-952A-D6B6BB9E80DB}.Debug|Any CPU.ActiveCfg = Debug|Any CPU
		{25F34719-29C1-4EF6-952A-D6B6BB9E80DB}.Debug|Any CPU.Build.0 = Debug|Any CPU
		{25F34719-29C1-4EF6-952A-D6B6BB9E80DB}.Release|Any CPU.ActiveCfg = Release|Any CPU
		{25F34719-29C1-4EF6-952A-D6B6BB9E80DB}.Release|Any CPU.Build.0 = Release|Any CPU
		{3684F4A1-3B62-41B0-87D7-78693D07B53B}.Debug|Any CPU.ActiveCfg = Debug|Any CPU
		{3684F4A1-3B62-41B0-87D7-78693D07B53B}.Debug|Any CPU.Build.0 = Debug|Any CPU
		{3684F4A1-3B62-41B0-87D7-78693D07B53B}.Release|Any CPU.ActiveCfg = Release|Any CPU
		{3684F4A1-3B62-41B0-87D7-78693D07B53B}.Release|Any CPU.Build.0 = Release|Any CPU
	EndGlobalSection
	GlobalSection(SolutionProperties) = preSolution
		HideSolutionNode = FALSE
	EndGlobalSection
	GlobalSection(ExtensibilityGlobals) = postSolution
		SolutionGuid = {3DFE62AE-C01A-40B5-BDFF-028DEB2D3945}
	EndGlobalSection
EndGlobal
